{
  "name": "manky-personal-site",
  "version": "1.0.0",
  "lockfileVersion": 1,
  "requires": true,
  "dependencies": {
    "@fortawesome/fontawesome-free": {
      "version": "5.6.3",
      "resolved": "https://registry.npmjs.org/@fortawesome/fontawesome-free/-/fontawesome-free-5.6.3.tgz",
      "integrity": "sha512-s5PLdI9NYgjBvfrv6rhirPHlAHWx+Sfo/IjsAeiXYfmemC/GSjwsyz1wLnGPazbLPXWfk62ks980o9AmsxYUEQ=="
    },
    "instafeed.js": {
      "version": "1.4.1",
      "resolved": "https://registry.npmjs.org/instafeed.js/-/instafeed.js-1.4.1.tgz",
      "integrity": "sha1-wp15FFY8EXIrNs2SGpHeJSH5zao="
    },
    "jquery": {
      "version": "3.4.0",
      "resolved": "https://registry.npmjs.org/jquery/-/jquery-3.4.0.tgz",
      "integrity": "sha512-ggRCXln9zEqv6OqAGXFEcshF5dSBvCkzj6Gm2gzuR5fWawaX8t7cxKVkkygKODrDAzKdoYw3l/e3pm3vlT4IbQ=="
    },
    "prettier": {
      "version": "2.0.2",
      "resolved": "https://registry.npmjs.org/prettier/-/prettier-2.0.2.tgz",
      "integrity": "sha512-5xJQIPT8BraI7ZnaDwSbu5zLrB6vvi8hVV58yHQ+QK64qrY40dULy0HSRlQ2/2IdzeBpjhDkqdcFBnFeDEMVdg=="
    }
  }
}
